
Microsoft Visual Studio Solution File, Format Version 12.00
# Visual Studio 15
VisualStudioVersion = 15.0.27703.2047
MinimumVisualStudioVersion = 10.0.40219.1
Project("{FAE04EC0-301F-11D3-BF4B-00C04F79EFBC}") = "MsgZap", "MsgZap\MsgZap.csproj", "{3F5835AA-1C80-4714-8352-460A9A14CFF9}"
EndProject
Global
	GlobalSection(SolutionConfigurationPlatforms) = preSolution
		Debug|Any CPU = Debug|Any CPU
		Release|Any CPU = Release|Any CPU
	EndGlobalSection
	GlobalSection(ProjectConfigurationPlatforms) = postSolution
		{3F5835AA-1C80-4714-8352-460A9A14CFF9}.Debug|Any CPU.ActiveCfg = Debug|Any CPU
		{3F5835AA-1C80-4714-8352-460A9A14CFF9}.Debug|Any CPU.Build.0 = Debug|Any CPU
		{3F5835AA-1C80-4714-8352-460A9A14CFF9}.Release|Any CPU.ActiveCfg = Release|Any CPU
		{3F5835AA-1C80-4714-8352-460A9A14CFF9}.Release|Any CPU.Build.0 = Release|Any CPU
	EndGlobalSection
	GlobalSection(SolutionProperties) = preSolution
		HideSolutionNode = FALSE
	EndGlobalSection
	GlobalSection(ExtensibilityGlobals) = postSolution
		SolutionGuid = {3A3FA1F2-A20F-4401-A6C6-8CB6367C37D5}
	EndGlobalSection
EndGlobal
